
Microsoft Visual Studio Solution File, Format Version 12.00
# Visual Studio Version 16
VisualStudioVersion = 16.0.33801.447
MinimumVisualStudioVersion = 10.0.40219.1
Project("{FAE04EC0-301F-11D3-BF4B-00C04F79EFBC}") = "ProjetoSiteMVC2024", "ProjetoSiteMVC2024\ProjetoSiteMVC2024.csproj", "{ADEAB60B-30A2-48D9-9D3D-0CE146DD2821}"
EndProject
Global
	GlobalSection(SolutionConfigurationPlatforms) = preSolution
		Debug|Any CPU = Debug|Any CPU
		Release|Any CPU = Release|Any CPU
	EndGlobalSection
	GlobalSection(ProjectConfigurationPlatforms) = postSolution
		{ADEAB60B-30A2-48D9-9D3D-0CE146DD2821}.Debug|Any CPU.ActiveCfg = Debug|Any CPU
		{ADEAB60B-30A2-48D9-9D3D-0CE146DD2821}.Debug|Any CPU.Build.0 = Debug|Any CPU
		{ADEAB60B-30A2-48D9-9D3D-0CE146DD2821}.Release|Any CPU.ActiveCfg = Release|Any CPU
		{ADEAB60B-30A2-48D9-9D3D-0CE146DD2821}.Release|Any CPU.Build.0 = Release|Any CPU
	EndGlobalSection
	GlobalSection(SolutionProperties) = preSolution
		HideSolutionNode = FALSE
	EndGlobalSection
	GlobalSection(ExtensibilityGlobals) = postSolution
		SolutionGuid = {7459270D-E649-450A-BE0C-C8A3B9544527}
	EndGlobalSection
EndGlobal
